{
  "name": "FAB",
  "lockfileVersion": 3,
  "requires": true,
  "packages": {
    "": {
      "dependencies": {
        "@flesh-and-blood/cards": "^3.6.246"
      }
    },
    "node_modules/@flesh-and-blood/cards": {
      "version": "3.6.246",
      "resolved": "https://registry.npmjs.org/@flesh-and-blood/cards/-/cards-3.6.246.tgz",
      "integrity": "sha512-bkHHKGp2JN2b5EZ1swZ7wIb1UWFdO4qvaUCi0rBRb8Joz8SUGMpvW/0Rburt0Kg41doDCHsHMMuGyK0jkaJ9KQ==",
      "license": "MIT",
      "dependencies": {
        "@flesh-and-blood/types": "^3.6.246"
      }
    },
    "node_modules/@flesh-and-blood/types": {
      "version": "3.6.246",
      "resolved": "https://registry.npmjs.org/@flesh-and-blood/types/-/types-3.6.246.tgz",
      "integrity": "sha512-MuzZx3h8f2fL0KQgWv39NzpVZqrenL5OdRPtxiU/kIbn+p59iFiqxh6rMo7HPD+gOXgGeqax+oV4OAXZEqX3zQ==",
      "license": "MIT"
    }
  }
}
